
Microsoft Visual Studio Solution File, Format Version 12.00
# Visual Studio Version 17
VisualStudioVersion = 17.3.32901.215
MinimumVisualStudioVersion = 10.0.40219.1
Project("{9A19103F-16F7-4668-BE54-9A1E7A4F7556}") = "AppRoot", "Robocup_Simulatie\AppRoot\AppRoot.csproj", "{A196972E-F0D7-4992-B0F0-D64E86C09848}"
EndProject
Project("{9A19103F-16F7-4668-BE54-9A1E7A4F7556}") = "Globals", "Robocup_Simulatie\Globals\Globals.csproj", "{80D20222-5FF5-4AE9-A079-8FDD4B18C7F0}"
EndProject
Project("{9A19103F-16F7-4668-BE54-9A1E7A4F7556}") = "DataAccessLayer", "Robocup_Simulatie\DataAccessLayer\DataAccessLayer.csproj", "{C2B30181-7C4E-4771-828E-9EB7BEBB676A}"
EndProject
Project("{9A19103F-16F7-4668-BE54-9A1E7A4F7556}") = "LogicLayer", "Robocup_Simulatie\LogicLayer\LogicLayer.csproj", "{D791C967-C96F-482D-B3BE-7BAB95AE0CA1}"
EndProject
Project("{9A19103F-16F7-4668-BE54-9A1E7A4F7556}") = "PresentationLayer", "Robocup_Simulatie\PresentationLayer\PresentationLayer.csproj", "{EFC2E00D-D012-4738-AF1D-DD6A4A614CA4}"
EndProject
Project("{C7167F0D-BC9F-4E6E-AFE1-012C56B48DB5}") = "Robot_Packaging", "Robot_Packaging\Robot_Packaging.wapproj", "{3109B90C-92D6-4A3D-B8EC-C80CFCDA6E55}"
EndProject
Project("{2150E333-8FDC-42A3-9474-1A3956D46DE8}") = "Solution Items", "Solution Items", "{00B9539A-02B2-498C-BE7E-3047D1E8FC55}"
	ProjectSection(SolutionItems) = preProject
		Feedback - opgave 2.md = Feedback - opgave 2.md
		technische documentatie.md = technische documentatie.md
	EndProjectSection
EndProject
Global
	GlobalSection(SolutionConfigurationPlatforms) = preSolution
		Debug|Any CPU = Debug|Any CPU
		Debug|ARM = Debug|ARM
		Debug|ARM64 = Debug|ARM64
		Debug|x64 = Debug|x64
		Debug|x86 = Debug|x86
		Release|Any CPU = Release|Any CPU
		Release|ARM = Release|ARM
		Release|ARM64 = Release|ARM64
		Release|x64 = Release|x64
		Release|x86 = Release|x86
	EndGlobalSection
	GlobalSection(ProjectConfigurationPlatforms) = postSolution
		{A196972E-F0D7-4992-B0F0-D64E86C09848}.Debug|Any CPU.ActiveCfg = Debug|Any CPU
		{A196972E-F0D7-4992-B0F0-D64E86C09848}.Debug|Any CPU.Build.0 = Debug|Any CPU
		{A196972E-F0D7-4992-B0F0-D64E86C09848}.Debug|ARM.ActiveCfg = Debug|Any CPU
		{A196972E-F0D7-4992-B0F0-D64E86C09848}.Debug|ARM.Build.0 = Debug|Any CPU
		{A196972E-F0D7-4992-B0F0-D64E86C09848}.Debug|ARM64.ActiveCfg = Debug|Any CPU
		{A196972E-F0D7-4992-B0F0-D64E86C09848}.Debug|ARM64.Build.0 = Debug|Any CPU
		{A196972E-F0D7-4992-B0F0-D64E86C09848}.Debug|x64.ActiveCfg = Debug|Any CPU
		{A196972E-F0D7-4992-B0F0-D64E86C09848}.Debug|x64.Build.0 = Debug|Any CPU
		{A196972E-F0D7-4992-B0F0-D64E86C09848}.Debug|x86.ActiveCfg = Debug|Any CPU
		{A196972E-F0D7-4992-B0F0-D64E86C09848}.Debug|x86.Build.0 = Debug|Any CPU
		{A196972E-F0D7-4992-B0F0-D64E86C09848}.Release|Any CPU.ActiveCfg = Release|Any CPU
		{A196972E-F0D7-4992-B0F0-D64E86C09848}.Release|Any CPU.Build.0 = Release|Any CPU
		{A196972E-F0D7-4992-B0F0-D64E86C09848}.Release|ARM.ActiveCfg = Release|Any CPU
		{A196972E-F0D7-4992-B0F0-D64E86C09848}.Release|ARM.Build.0 = Release|Any CPU
		{A196972E-F0D7-4992-B0F0-D64E86C09848}.Release|ARM64.ActiveCfg = Release|Any CPU
		{A196972E-F0D7-4992-B0F0-D64E86C09848}.Release|ARM64.Build.0 = Release|Any CPU
		{A196972E-F0D7-4992-B0F0-D64E86C09848}.Release|x64.ActiveCfg = Release|Any CPU
		{A196972E-F0D7-4992-B0F0-D64E86C09848}.Release|x64.Build.0 = Release|Any CPU
		{A196972E-F0D7-4992-B0F0-D64E86C09848}.Release|x86.ActiveCfg = Release|Any CPU
		{A196972E-F0D7-4992-B0F0-D64E86C09848}.Release|x86.Build.0 = Release|Any CPU
		{80D20222-5FF5-4AE9-A079-8FDD4B18C7F0}.Debug|Any CPU.ActiveCfg = Debug|Any CPU
		{80D20222-5FF5-4AE9-A079-8FDD4B18C7F0}.Debug|Any CPU.Build.0 = Debug|Any CPU
		{80D20222-5FF5-4AE9-A079-8FDD4B18C7F0}.Debug|ARM.ActiveCfg = Debug|Any CPU
		{80D20222-5FF5-4AE9-A079-8FDD4B18C7F0}.Debug|ARM.Build.0 = Debug|Any CPU
		{80D20222-5FF5-4AE9-A079-8FDD4B18C7F0}.Debug|ARM64.ActiveCfg = Debug|Any CPU
		{80D20222-5FF5-4AE9-A079-8FDD4B18C7F0}.Debug|ARM64.Build.0 = Debug|Any CPU
		{80D20222-5FF5-4AE9-A079-8FDD4B18C7F0}.Debug|x64.ActiveCfg = Debug|Any CPU
		{80D20222-5FF5-4AE9-A079-8FDD4B18C7F0}.Debug|x64.Build.0 = Debug|Any CPU
		{80D20222-5FF5-4AE9-A079-8FDD4B18C7F0}.Debug|x86.ActiveCfg = Debug|Any CPU
		{80D20222-5FF5-4AE9-A079-8FDD4B18C7F0}.Debug|x86.Build.0 = Debug|Any CPU
		{80D20222-5FF5-4AE9-A079-8FDD4B18C7F0}.Release|Any CPU.ActiveCfg = Release|Any CPU
		{80D20222-5FF5-4AE9-A079-8FDD4B18C7F0}.Release|Any CPU.Build.0 = Release|Any CPU
		{80D20222-5FF5-4AE9-A079-8FDD4B18C7F0}.Release|ARM.ActiveCfg = Release|Any CPU
		{80D20222-5FF5-4AE9-A079-8FDD4B18C7F0}.Release|ARM.Build.0 = Release|Any CPU
		{80D20222-5FF5-4AE9-A079-8FDD4B18C7F0}.Release|ARM64.ActiveCfg = Release|Any CPU
		{80D20222-5FF5-4AE9-A079-8FDD4B18C7F0}.Release|ARM64.Build.0 = Release|Any CPU
		{80D20222-5FF5-4AE9-A079-8FDD4B18C7F0}.Release|x64.ActiveCfg = Release|Any CPU
		{80D20222-5FF5-4AE9-A079-8FDD4B18C7F0}.Release|x64.Build.0 = Release|Any CPU
		{80D20222-5FF5-4AE9-A079-8FDD4B18C7F0}.Release|x86.ActiveCfg = Release|Any CPU
		{80D20222-5FF5-4AE9-A079-8FDD4B18C7F0}.Release|x86.Build.0 = Release|Any CPU
		{C2B30181-7C4E-4771-828E-9EB7BEBB676A}.Debug|Any CPU.ActiveCfg = Debug|Any CPU
		{C2B30181-7C4E-4771-828E-9EB7BEBB676A}.Debug|Any CPU.Build.0 = Debug|Any CPU
		{C2B30181-7C4E-4771-828E-9EB7BEBB676A}.Debug|ARM.ActiveCfg = Debug|Any CPU
		{C2B30181-7C4E-4771-828E-9EB7BEBB676A}.Debug|ARM.Build.0 = Debug|Any CPU
		{C2B30181-7C4E-4771-828E-9EB7BEBB676A}.Debug|ARM64.ActiveCfg = Debug|Any CPU
		{C2B30181-7C4E-4771-828E-9EB7BEBB676A}.Debug|ARM64.Build.0 = Debug|Any CPU
		{C2B30181-7C4E-4771-828E-9EB7BEBB676A}.Debug|x64.ActiveCfg = Debug|Any CPU
		{C2B30181-7C4E-4771-828E-9EB7BEBB676A}.Debug|x64.Build.0 = Debug|Any CPU
		{C2B30181-7C4E-4771-828E-9EB7BEBB676A}.Debug|x86.ActiveCfg = Debug|Any CPU
		{C2B30181-7C4E-4771-828E-9EB7BEBB676A}.Debug|x86.Build.0 = Debug|Any CPU
		{C2B30181-7C4E-4771-828E-9EB7BEBB676A}.Release|Any CPU.ActiveCfg = Release|Any CPU
		{C2B30181-7C4E-4771-828E-9EB7BEBB676A}.Release|Any CPU.Build.0 = Release|Any CPU
		{C2B30181-7C4E-4771-828E-9EB7BEBB676A}.Release|ARM.ActiveCfg = Release|Any CPU
		{C2B30181-7C4E-4771-828E-9EB7BEBB676A}.Release|ARM.Build.0 = Release|Any CPU
		{C2B30181-7C4E-4771-828E-9EB7BEBB676A}.Release|ARM64.ActiveCfg = Release|Any CPU
		{C2B30181-7C4E-4771-828E-9EB7BEBB676A}.Release|ARM64.Build.0 = Release|Any CPU
		{C2B30181-7C4E-4771-828E-9EB7BEBB676A}.Release|x64.ActiveCfg = Release|Any CPU
		{C2B30181-7C4E-4771-828E-9EB7BEBB676A}.Release|x64.Build.0 = Release|Any CPU
		{C2B30181-7C4E-4771-828E-9EB7BEBB676A}.Release|x86.ActiveCfg = Release|Any CPU
		{C2B30181-7C4E-4771-828E-9EB7BEBB676A}.Release|x86.Build.0 = Release|Any CPU
		{D791C967-C96F-482D-B3BE-7BAB95AE0CA1}.Debug|Any CPU.ActiveCfg = Debug|Any CPU
		{D791C967-C96F-482D-B3BE-7BAB95AE0CA1}.Debug|Any CPU.Build.0 = Debug|Any CPU
		{D791C967-C96F-482D-B3BE-7BAB95AE0CA1}.Debug|ARM.ActiveCfg = Debug|Any CPU
		{D791C967-C96F-482D-B3BE-7BAB95AE0CA1}.Debug|ARM.Build.0 = Debug|Any CPU
		{D791C967-C96F-482D-B3BE-7BAB95AE0CA1}.Debug|ARM64.ActiveCfg = Debug|Any CPU
		{D791C967-C96F-482D-B3BE-7BAB95AE0CA1}.Debug|ARM64.Build.0 = Debug|Any CPU
		{D791C967-C96F-482D-B3BE-7BAB95AE0CA1}.Debug|x64.ActiveCfg = Debug|Any CPU
		{D791C967-C96F-482D-B3BE-7BAB95AE0CA1}.Debug|x64.Build.0 = Debug|Any CPU
		{D791C967-C96F-482D-B3BE-7BAB95AE0CA1}.Debug|x86.ActiveCfg = Debug|Any CPU
		{D791C967-C96F-482D-B3BE-7BAB95AE0CA1}.Debug|x86.Build.0 = Debug|Any CPU
		{D791C967-C96F-482D-B3BE-7BAB95AE0CA1}.Release|Any CPU.ActiveCfg = Release|Any CPU
		{D791C967-C96F-482D-B3BE-7BAB95AE0CA1}.Release|Any CPU.Build.0 = Release|Any CPU
		{D791C967-C96F-482D-B3BE-7BAB95AE0CA1}.Release|ARM.ActiveCfg = Release|Any CPU
		{D791C967-C96F-482D-B3BE-7BAB95AE0CA1}.Release|ARM.Build.0 = Release|Any CPU
		{D791C967-C96F-482D-B3BE-7BAB95AE0CA1}.Release|ARM64.ActiveCfg = Release|Any CPU
		{D791C967-C96F-482D-B3BE-7BAB95AE0CA1}.Release|ARM64.Build.0 = Release|Any CPU
		{D791C967-C96F-482D-B3BE-7BAB95AE0CA1}.Release|x64.ActiveCfg = Release|Any CPU
		{D791C967-C96F-482D-B3BE-7BAB95AE0CA1}.Release|x64.Build.0 = Release|Any CPU
		{D791C967-C96F-482D-B3BE-7BAB95AE0CA1}.Release|x86.ActiveCfg = Release|Any CPU
		{D791C967-C96F-482D-B3BE-7BAB95AE0CA1}.Release|x86.Build.0 = Release|Any CPU
		{EFC2E00D-D012-4738-AF1D-DD6A4A614CA4}.Debug|Any CPU.ActiveCfg = Debug|Any CPU
		{EFC2E00D-D012-4738-AF1D-DD6A4A614CA4}.Debug|Any CPU.Build.0 = Debug|Any CPU
		{EFC2E00D-D012-4738-AF1D-DD6A4A614CA4}.Debug|ARM.ActiveCfg = Debug|Any CPU
		{EFC2E00D-D012-4738-AF1D-DD6A4A614CA4}.Debug|ARM.Build.0 = Debug|Any CPU
		{EFC2E00D-D012-4738-AF1D-DD6A4A614CA4}.Debug|ARM64.ActiveCfg = Debug|Any CPU
		{EFC2E00D-D012-4738-AF1D-DD6A4A614CA4}.Debug|ARM64.Build.0 = Debug|Any CPU
		{EFC2E00D-D012-4738-AF1D-DD6A4A614CA4}.Debug|x64.ActiveCfg = Debug|Any CPU
		{EFC2E00D-D012-4738-AF1D-DD6A4A614CA4}.Debug|x64.Build.0 = Debug|Any CPU
		{EFC2E00D-D012-4738-AF1D-DD6A4A614CA4}.Debug|x86.ActiveCfg = Debug|Any CPU
		{EFC2E00D-D012-4738-AF1D-DD6A4A614CA4}.Debug|x86.Build.0 = Debug|Any CPU
		{EFC2E00D-D012-4738-AF1D-DD6A4A614CA4}.Release|Any CPU.ActiveCfg = Release|Any CPU
		{EFC2E00D-D012-4738-AF1D-DD6A4A614CA4}.Release|Any CPU.Build.0 = Release|Any CPU
		{EFC2E00D-D012-4738-AF1D-DD6A4A614CA4}.Release|ARM.ActiveCfg = Release|Any CPU
		{EFC2E00D-D012-4738-AF1D-DD6A4A614CA4}.Release|ARM.Build.0 = Release|Any CPU
		{EFC2E00D-D012-4738-AF1D-DD6A4A614CA4}.Release|ARM64.ActiveCfg = Release|Any CPU
		{EFC2E00D-D012-4738-AF1D-DD6A4A614CA4}.Release|ARM64.Build.0 = Release|Any CPU
		{EFC2E00D-D012-4738-AF1D-DD6A4A614CA4}.Release|x64.ActiveCfg = Release|Any CPU
		{EFC2E00D-D012-4738-AF1D-DD6A4A614CA4}.Release|x64.Build.0 = Release|Any CPU
		{EFC2E00D-D012-4738-AF1D-DD6A4A614CA4}.Release|x86.ActiveCfg = Release|Any CPU
		{EFC2E00D-D012-4738-AF1D-DD6A4A614CA4}.Release|x86.Build.0 = Release|Any CPU
		{3109B90C-92D6-4A3D-B8EC-C80CFCDA6E55}.Debug|Any CPU.ActiveCfg = Debug|Any CPU
		{3109B90C-92D6-4A3D-B8EC-C80CFCDA6E55}.Debug|Any CPU.Build.0 = Debug|Any CPU
		{3109B90C-92D6-4A3D-B8EC-C80CFCDA6E55}.Debug|Any CPU.Deploy.0 = Debug|Any CPU
		{3109B90C-92D6-4A3D-B8EC-C80CFCDA6E55}.Debug|ARM.ActiveCfg = Debug|ARM
		{3109B90C-92D6-4A3D-B8EC-C80CFCDA6E55}.Debug|ARM.Build.0 = Debug|ARM
		{3109B90C-92D6-4A3D-B8EC-C80CFCDA6E55}.Debug|ARM.Deploy.0 = Debug|ARM
		{3109B90C-92D6-4A3D-B8EC-C80CFCDA6E55}.Debug|ARM64.ActiveCfg = Debug|ARM64
		{3109B90C-92D6-4A3D-B8EC-C80CFCDA6E55}.Debug|ARM64.Build.0 = Debug|ARM64
		{3109B90C-92D6-4A3D-B8EC-C80CFCDA6E55}.Debug|ARM64.Deploy.0 = Debug|ARM64
		{3109B90C-92D6-4A3D-B8EC-C80CFCDA6E55}.Debug|x64.ActiveCfg = Debug|x64
		{3109B90C-92D6-4A3D-B8EC-C80CFCDA6E55}.Debug|x64.Build.0 = Debug|x64
		{3109B90C-92D6-4A3D-B8EC-C80CFCDA6E55}.Debug|x64.Deploy.0 = Debug|x64
		{3109B90C-92D6-4A3D-B8EC-C80CFCDA6E55}.Debug|x86.ActiveCfg = Debug|x86
		{3109B90C-92D6-4A3D-B8EC-C80CFCDA6E55}.Debug|x86.Build.0 = Debug|x86
		{3109B90C-92D6-4A3D-B8EC-C80CFCDA6E55}.Debug|x86.Deploy.0 = Debug|x86
		{3109B90C-92D6-4A3D-B8EC-C80CFCDA6E55}.Release|Any CPU.ActiveCfg = Release|Any CPU
		{3109B90C-92D6-4A3D-B8EC-C80CFCDA6E55}.Release|Any CPU.Build.0 = Release|Any CPU
		{3109B90C-92D6-4A3D-B8EC-C80CFCDA6E55}.Release|Any CPU.Deploy.0 = Release|Any CPU
		{3109B90C-92D6-4A3D-B8EC-C80CFCDA6E55}.Release|ARM.ActiveCfg = Release|ARM
		{3109B90C-92D6-4A3D-B8EC-C80CFCDA6E55}.Release|ARM.Build.0 = Release|ARM
		{3109B90C-92D6-4A3D-B8EC-C80CFCDA6E55}.Release|ARM.Deploy.0 = Release|ARM
		{3109B90C-92D6-4A3D-B8EC-C80CFCDA6E55}.Release|ARM64.ActiveCfg = Release|ARM64
		{3109B90C-92D6-4A3D-B8EC-C80CFCDA6E55}.Release|ARM64.Build.0 = Release|ARM64
		{3109B90C-92D6-4A3D-B8EC-C80CFCDA6E55}.Release|ARM64.Deploy.0 = Release|ARM64
		{3109B90C-92D6-4A3D-B8EC-C80CFCDA6E55}.Release|x64.ActiveCfg = Release|x64
		{3109B90C-92D6-4A3D-B8EC-C80CFCDA6E55}.Release|x64.Build.0 = Release|x64
		{3109B90C-92D6-4A3D-B8EC-C80CFCDA6E55}.Release|x64.Deploy.0 = Release|x64
		{3109B90C-92D6-4A3D-B8EC-C80CFCDA6E55}.Release|x86.ActiveCfg = Release|x86
		{3109B90C-92D6-4A3D-B8EC-C80CFCDA6E55}.Release|x86.Build.0 = Release|x86
		{3109B90C-92D6-4A3D-B8EC-C80CFCDA6E55}.Release|x86.Deploy.0 = Release|x86
	EndGlobalSection
	GlobalSection(SolutionProperties) = preSolution
		HideSolutionNode = FALSE
	EndGlobalSection
	GlobalSection(ExtensibilityGlobals) = postSolution
		SolutionGuid = {6E8E9AC3-B323-4C41-8EA6-6D68D2E2AD08}
	EndGlobalSection
EndGlobal
